
Microsoft Visual Studio Solution File, Format Version 12.00
# Visual Studio Version 17
VisualStudioVersion = 17.10.34916.146
MinimumVisualStudioVersion = 10.0.40219.1
Project("{FAE04EC0-301F-11D3-BF4B-00C04F79EFBC}") = "AgentA", "AgentA.csproj", "{28BB811F-A16C-409D-8C72-29AD26967D44}"
EndProject
Project("{FAE04EC0-301F-11D3-BF4B-00C04F79EFBC}") = "AgentB", "..\AgentB\AgentB.csproj", "{91637BB7-0403-4F9C-AB16-E35220F5DD91}"
EndProject
Project("{FAE04EC0-301F-11D3-BF4B-00C04F79EFBC}") = "Master", "..\Master\Master.csproj", "{EC905509-92F2-4DA8-8633-7E841479F820}"
EndProject
Global
	GlobalSection(SolutionConfigurationPlatforms) = preSolution
		Debug|Any CPU = Debug|Any CPU
		Release|Any CPU = Release|Any CPU
	EndGlobalSection
	GlobalSection(ProjectConfigurationPlatforms) = postSolution
		{28BB811F-A16C-409D-8C72-29AD26967D44}.Debug|Any CPU.ActiveCfg = Debug|Any CPU
		{28BB811F-A16C-409D-8C72-29AD26967D44}.Debug|Any CPU.Build.0 = Debug|Any CPU
		{28BB811F-A16C-409D-8C72-29AD26967D44}.Release|Any CPU.ActiveCfg = Release|Any CPU
		{28BB811F-A16C-409D-8C72-29AD26967D44}.Release|Any CPU.Build.0 = Release|Any CPU
		{91637BB7-0403-4F9C-AB16-E35220F5DD91}.Debug|Any CPU.ActiveCfg = Debug|Any CPU
		{91637BB7-0403-4F9C-AB16-E35220F5DD91}.Debug|Any CPU.Build.0 = Debug|Any CPU
		{91637BB7-0403-4F9C-AB16-E35220F5DD91}.Release|Any CPU.ActiveCfg = Release|Any CPU
		{91637BB7-0403-4F9C-AB16-E35220F5DD91}.Release|Any CPU.Build.0 = Release|Any CPU
		{EC905509-92F2-4DA8-8633-7E841479F820}.Debug|Any CPU.ActiveCfg = Debug|Any CPU
		{EC905509-92F2-4DA8-8633-7E841479F820}.Debug|Any CPU.Build.0 = Debug|Any CPU
		{EC905509-92F2-4DA8-8633-7E841479F820}.Release|Any CPU.ActiveCfg = Release|Any CPU
		{EC905509-92F2-4DA8-8633-7E841479F820}.Release|Any CPU.Build.0 = Release|Any CPU
	EndGlobalSection
	GlobalSection(SolutionProperties) = preSolution
		HideSolutionNode = FALSE
	EndGlobalSection
	GlobalSection(ExtensibilityGlobals) = postSolution
		SolutionGuid = {ED932ABD-7A58-4F4A-9302-967102494635}
	EndGlobalSection
EndGlobal
